
Microsoft Visual Studio Solution File, Format Version 11.00
# Visual Studio 2010
Project("{8BC9CEB8-8B4A-11D0-8D11-00A0C91BC942}") = "HelloOpenGL", "HelloOpenGL\HelloOpenGL.vcxproj", "{930E6BC7-9160-4729-AFDC-B8607B7E868A}"
EndProject
Project("{8BC9CEB8-8B4A-11D0-8D11-00A0C91BC942}") = "HelloShader", "HelloShader\HelloShader.vcxproj", "{EC078113-D901-431E-A1EF-9EEAB04A3588}"
	ProjectSection(ProjectDependencies) = postProject
		{D96681C9-E042-40B1-B48C-616D8A8E6EB5} = {D96681C9-E042-40B1-B48C-616D8A8E6EB5}
	EndProjectSection
EndProject
Project("{8BC9CEB8-8B4A-11D0-8D11-00A0C91BC942}") = "ShaderFactory", "ShaderFactory\ShaderFactory.vcxproj", "{D96681C9-E042-40B1-B48C-616D8A8E6EB5}"
EndProject
Project("{8BC9CEB8-8B4A-11D0-8D11-00A0C91BC942}") = "HelloTexture", "HelloTexture\HelloTexture.vcxproj", "{B31B1D34-C7BD-4CE8-BD6D-50FCFCD4A5F8}"
	ProjectSection(ProjectDependencies) = postProject
		{7140BF02-DA29-445E-8423-6A80DBAF2E1C} = {7140BF02-DA29-445E-8423-6A80DBAF2E1C}
		{B1352571-434E-4F9D-9841-425AFE7175E6} = {B1352571-434E-4F9D-9841-425AFE7175E6}
		{D96681C9-E042-40B1-B48C-616D8A8E6EB5} = {D96681C9-E042-40B1-B48C-616D8A8E6EB5}
	EndProjectSection
EndProject
Project("{2150E333-8FDC-42A3-9474-1A3956D46DE8}") = "Template", "Template", "{4B7A3AC5-7812-44B1-898D-099A2332BE68}"
EndProject
Project("{8BC9CEB8-8B4A-11D0-8D11-00A0C91BC942}") = "LibProjectTemplate", "LibProjectTemplate\LibProjectTemplate.vcxproj", "{E31440EA-4348-4CC4-9AE1-7BB8F95E123F}"
EndProject
Project("{8BC9CEB8-8B4A-11D0-8D11-00A0C91BC942}") = "AppProjectTemplate", "AppProjectTemplate\AppProjectTemplate.vcxproj", "{AEE6ABA2-A327-480F-911A-3E8C16E9CA9B}"
EndProject
Project("{8BC9CEB8-8B4A-11D0-8D11-00A0C91BC942}") = "TextureFactory", "TextureFactory\TextureFactory.vcxproj", "{7140BF02-DA29-445E-8423-6A80DBAF2E1C}"
EndProject
Project("{8BC9CEB8-8B4A-11D0-8D11-00A0C91BC942}") = "OpenGLAppProjectTemplate", "OpenGLAppProjectTemplate\OpenGLAppProjectTemplate.vcxproj", "{1690B804-3C03-4C5F-B1B5-7AB191E1E236}"
	ProjectSection(ProjectDependencies) = postProject
		{D96681C9-E042-40B1-B48C-616D8A8E6EB5} = {D96681C9-E042-40B1-B48C-616D8A8E6EB5}
	EndProjectSection
EndProject
Project("{8BC9CEB8-8B4A-11D0-8D11-00A0C91BC942}") = "HelloGLM", "HelloGLM\HelloGLM.vcxproj", "{E328635A-A0AF-4D54-83E2-B01570FCC55D}"
EndProject
Project("{8BC9CEB8-8B4A-11D0-8D11-00A0C91BC942}") = "TransformFactory", "TransformFactory\TransformFactory.vcxproj", "{B1352571-434E-4F9D-9841-425AFE7175E6}"
EndProject
Global
	GlobalSection(SolutionConfigurationPlatforms) = preSolution
		Debug|Win32 = Debug|Win32
		Release|Win32 = Release|Win32
	EndGlobalSection
	GlobalSection(ProjectConfigurationPlatforms) = postSolution
		{930E6BC7-9160-4729-AFDC-B8607B7E868A}.Debug|Win32.ActiveCfg = Debug|Win32
		{930E6BC7-9160-4729-AFDC-B8607B7E868A}.Debug|Win32.Build.0 = Debug|Win32
		{930E6BC7-9160-4729-AFDC-B8607B7E868A}.Release|Win32.ActiveCfg = Release|Win32
		{930E6BC7-9160-4729-AFDC-B8607B7E868A}.Release|Win32.Build.0 = Release|Win32
		{EC078113-D901-431E-A1EF-9EEAB04A3588}.Debug|Win32.ActiveCfg = Debug|Win32
		{EC078113-D901-431E-A1EF-9EEAB04A3588}.Debug|Win32.Build.0 = Debug|Win32
		{EC078113-D901-431E-A1EF-9EEAB04A3588}.Release|Win32.ActiveCfg = Release|Win32
		{EC078113-D901-431E-A1EF-9EEAB04A3588}.Release|Win32.Build.0 = Release|Win32
		{D96681C9-E042-40B1-B48C-616D8A8E6EB5}.Debug|Win32.ActiveCfg = Debug|Win32
		{D96681C9-E042-40B1-B48C-616D8A8E6EB5}.Debug|Win32.Build.0 = Debug|Win32
		{D96681C9-E042-40B1-B48C-616D8A8E6EB5}.Release|Win32.ActiveCfg = Release|Win32
		{D96681C9-E042-40B1-B48C-616D8A8E6EB5}.Release|Win32.Build.0 = Release|Win32
		{B31B1D34-C7BD-4CE8-BD6D-50FCFCD4A5F8}.Debug|Win32.ActiveCfg = Debug|Win32
		{B31B1D34-C7BD-4CE8-BD6D-50FCFCD4A5F8}.Debug|Win32.Build.0 = Debug|Win32
		{B31B1D34-C7BD-4CE8-BD6D-50FCFCD4A5F8}.Release|Win32.ActiveCfg = Release|Win32
		{B31B1D34-C7BD-4CE8-BD6D-50FCFCD4A5F8}.Release|Win32.Build.0 = Release|Win32
		{E31440EA-4348-4CC4-9AE1-7BB8F95E123F}.Debug|Win32.ActiveCfg = Debug|Win32
		{E31440EA-4348-4CC4-9AE1-7BB8F95E123F}.Debug|Win32.Build.0 = Debug|Win32
		{E31440EA-4348-4CC4-9AE1-7BB8F95E123F}.Release|Win32.ActiveCfg = Release|Win32
		{E31440EA-4348-4CC4-9AE1-7BB8F95E123F}.Release|Win32.Build.0 = Release|Win32
		{AEE6ABA2-A327-480F-911A-3E8C16E9CA9B}.Debug|Win32.ActiveCfg = Debug|Win32
		{AEE6ABA2-A327-480F-911A-3E8C16E9CA9B}.Debug|Win32.Build.0 = Debug|Win32
		{AEE6ABA2-A327-480F-911A-3E8C16E9CA9B}.Release|Win32.ActiveCfg = Release|Win32
		{AEE6ABA2-A327-480F-911A-3E8C16E9CA9B}.Release|Win32.Build.0 = Release|Win32
		{7140BF02-DA29-445E-8423-6A80DBAF2E1C}.Debug|Win32.ActiveCfg = Debug|Win32
		{7140BF02-DA29-445E-8423-6A80DBAF2E1C}.Debug|Win32.Build.0 = Debug|Win32
		{7140BF02-DA29-445E-8423-6A80DBAF2E1C}.Release|Win32.ActiveCfg = Release|Win32
		{7140BF02-DA29-445E-8423-6A80DBAF2E1C}.Release|Win32.Build.0 = Release|Win32
		{1690B804-3C03-4C5F-B1B5-7AB191E1E236}.Debug|Win32.ActiveCfg = Debug|Win32
		{1690B804-3C03-4C5F-B1B5-7AB191E1E236}.Debug|Win32.Build.0 = Debug|Win32
		{1690B804-3C03-4C5F-B1B5-7AB191E1E236}.Release|Win32.ActiveCfg = Release|Win32
		{1690B804-3C03-4C5F-B1B5-7AB191E1E236}.Release|Win32.Build.0 = Release|Win32
		{E328635A-A0AF-4D54-83E2-B01570FCC55D}.Debug|Win32.ActiveCfg = Debug|Win32
		{E328635A-A0AF-4D54-83E2-B01570FCC55D}.Debug|Win32.Build.0 = Debug|Win32
		{E328635A-A0AF-4D54-83E2-B01570FCC55D}.Release|Win32.ActiveCfg = Release|Win32
		{E328635A-A0AF-4D54-83E2-B01570FCC55D}.Release|Win32.Build.0 = Release|Win32
		{B1352571-434E-4F9D-9841-425AFE7175E6}.Debug|Win32.ActiveCfg = Debug|Win32
		{B1352571-434E-4F9D-9841-425AFE7175E6}.Debug|Win32.Build.0 = Debug|Win32
		{B1352571-434E-4F9D-9841-425AFE7175E6}.Release|Win32.ActiveCfg = Release|Win32
		{B1352571-434E-4F9D-9841-425AFE7175E6}.Release|Win32.Build.0 = Release|Win32
	EndGlobalSection
	GlobalSection(SolutionProperties) = preSolution
		HideSolutionNode = FALSE
	EndGlobalSection
	GlobalSection(NestedProjects) = preSolution
		{E31440EA-4348-4CC4-9AE1-7BB8F95E123F} = {4B7A3AC5-7812-44B1-898D-099A2332BE68}
		{AEE6ABA2-A327-480F-911A-3E8C16E9CA9B} = {4B7A3AC5-7812-44B1-898D-099A2332BE68}
		{1690B804-3C03-4C5F-B1B5-7AB191E1E236} = {4B7A3AC5-7812-44B1-898D-099A2332BE68}
	EndGlobalSection
EndGlobal
